{
  "originHash" : "63fea439a5874cc0207f55fa24f306a8da9df734d8034d740b25af577a233928",
  "pins" : [
    {
      "identity" : "swiftui-introspect",
      "kind" : "remoteSourceControl",
      "location" : "https://github.com/siteline/SwiftUI-Introspect.git",
      "state" : {
        "revision" : "121c146fe591b1320238d054ae35c81ffa45f45a",
        "version" : "0.12.0"
      }
    },
    {
      "identity" : "url-image",
      "kind" : "remoteSourceControl",
      "location" : "https://github.com/dmytro-anokhin/url-image.git",
      "state" : {
        "revision" : "ccab89ad1cedb04f25dd4df1776dd8c8583b914a",
        "version" : "2.2.5"
      }
    }
  ],
  "version" : 3
}
